
Microsoft Visual Studio Solution File, Format Version 12.00
# Visual Studio Version 16
VisualStudioVersion = 16.0.31729.503
MinimumVisualStudioVersion = 10.0.40219.1
Project("{FAE04EC0-301F-11D3-BF4B-00C04F79EFBC}") = "vidly", "vidly\vidly.csproj", "{B0FD1FCB-CCB3-4BB0-9C66-B46DFC30CAA2}"
EndProject
Global
	GlobalSection(SolutionConfigurationPlatforms) = preSolution
		Debug|Any CPU = Debug|Any CPU
		Release|Any CPU = Release|Any CPU
	EndGlobalSection
	GlobalSection(ProjectConfigurationPlatforms) = postSolution
		{B0FD1FCB-CCB3-4BB0-9C66-B46DFC30CAA2}.Debug|Any CPU.ActiveCfg = Debug|Any CPU
		{B0FD1FCB-CCB3-4BB0-9C66-B46DFC30CAA2}.Debug|Any CPU.Build.0 = Debug|Any CPU
		{B0FD1FCB-CCB3-4BB0-9C66-B46DFC30CAA2}.Release|Any CPU.ActiveCfg = Release|Any CPU
		{B0FD1FCB-CCB3-4BB0-9C66-B46DFC30CAA2}.Release|Any CPU.Build.0 = Release|Any CPU
	EndGlobalSection
	GlobalSection(SolutionProperties) = preSolution
		HideSolutionNode = FALSE
	EndGlobalSection
	GlobalSection(ExtensibilityGlobals) = postSolution
		SolutionGuid = {10951F4F-1646-4D1D-82F1-30307D929FD5}
	EndGlobalSection
EndGlobal
